{
    "name": "example",
    "lockfileVersion": 2,
    "requires": true,
    "packages": {
        "": {
            "name": "example",
            "license": "MIT",
            "dependencies": {
                "dedent": "^0.7.0"
            }
        },
        "node_modules/dedent": {
            "version": "0.7.0",
            "resolved": "https://registry.npmjs.org/dedent/-/dedent-0.7.0.tgz",
            "integrity": "sha512-Q6fKUPqnAHAyhiUgFU7BUzLiv0kd8saH9al7tnu5Q/okj6dnupxyTgFIBjVzJATdfIAm9NAsvXNzjaKa+bxVyA=="
        }
    },
    "dependencies": {
        "dedent": {
            "version": "0.7.0",
            "resolved": "https://registry.npmjs.org/dedent/-/dedent-0.7.0.tgz",
            "integrity": "sha512-Q6fKUPqnAHAyhiUgFU7BUzLiv0kd8saH9al7tnu5Q/okj6dnupxyTgFIBjVzJATdfIAm9NAsvXNzjaKa+bxVyA=="
        }
    }
}
