{
    "name": "example",
    "lockfileVersion": 2,
    "requires": true,
    "packages": {
        "": {
            "name": "example",
            "license": "MIT",
            "dependencies": {
                "@master/literal": "^1.0.11"
            }
        },
        "node_modules/@master/literal": {
            "version": "1.0.11",
            "resolved": "https://registry.npmjs.org/@master/literal/-/literal-1.0.11.tgz",
            "integrity": "sha512-kS6Kev2TUseg5Ea3ZefcvXdIKOaoBTQugKaWPFp/MwSCJagMBa2HL+zahgZQKC6lvX0C17sGfjGHc8hO2L0mEw==",
            "funding": {
                "url": "https://opencollective.com/master-co"
            }
        }
    },
    "dependencies": {
        "@master/literal": {
            "version": "1.0.11",
            "resolved": "https://registry.npmjs.org/@master/literal/-/literal-1.0.11.tgz",
            "integrity": "sha512-kS6Kev2TUseg5Ea3ZefcvXdIKOaoBTQugKaWPFp/MwSCJagMBa2HL+zahgZQKC6lvX0C17sGfjGHc8hO2L0mEw=="
        }
    }
}
